// !$*UTF8*$!
{
	archiveVersion = 1;
	classes = {
	};
	objectVersion = 46;
	objects = {

/* Begin PBXBuildFile section */
		D7CA8BED1C6AA32F0061ACBE /* AppDelegate.swift in Sources */ = {isa = PBXBuildFile; fileRef = D7CA8BEC1C6AA32F0061ACBE /* AppDelegate.swift */; };
		D7CA8BF21C6AA32F0061ACBE /* Main.storyboard in Resources */ = {isa = PBXBuildFile; fileRef = D7CA8BF01C6AA32F0061ACBE /* Main.storyboard */; };
		D7CA8BF41C6AA32F0061ACBE /* Assets.xcassets in Resources */ = {isa = PBXBuildFile; fileRef = D7CA8BF31C6AA32F0061ACBE /* Assets.xcassets */; };
		D7CA8BF71C6AA32F0061ACBE /* LaunchScreen.storyboard in Resources */ = {isa = PBXBuildFile; fileRef = D7CA8BF51C6AA32F0061ACBE /* LaunchScreen.storyboard */; };
		D7CA8C021C6AA32F0061ACBE /* DropitTests.swift in Sources */ = {isa = PBXBuildFile; fileRef = D7CA8C011C6AA32F0061ACBE /* DropitTests.swift */; };
		D7CA8C0D1C6AA32F0061ACBE /* DropitUITests.swift in Sources */ = {isa = PBXBuildFile; fileRef = D7CA8C0C1C6AA32F0061ACBE /* DropitUITests.swift */; };
		D7CA8C1C1C6AA3BD0061ACBE /* DropitViewController.swift in Sources */ = {isa = PBXBuildFile; fileRef = D7CA8C1B1C6AA3BD0061ACBE /* DropitViewController.swift */; };
		D7D4F0061C6B8D2400ED9A12 /* DropitBehavior.swift in Sources */ = {isa = PBXBuildFile; fileRef = D7D4F0051C6B8D2400ED9A12 /* DropitBehavior.swift */; };
/* End PBXBuildFile section */

/* Begin PBXContainerItemProxy section */
		D7CA8BFE1C6AA32F0061ACBE /* PBXContainerItemProxy */ = {
			isa = PBXContainerItemProxy;
			containerPortal = D7CA8BE11C6AA32E0061ACBE /* Project object */;
			proxyType = 1;
			remoteGlobalIDString = D7CA8BE81C6AA32F0061ACBE;
			remoteInfo = Dropit;
		};
		D7CA8C091C6AA32F0061ACBE /* PBXContainerItemProxy */ = {
			isa = PBXContainerItemProxy;
			containerPortal = D7CA8BE11C6AA32E0061ACBE /* Project object */;
			proxyType = 1;
			remoteGlobalIDString = D7CA8BE81C6AA32F0061ACBE;
			remoteInfo = Dropit;
		};
/* End PBXContainerItemProxy section */

/* Begin PBXFileReference section */
		D7CA8BE91C6AA32F0061ACBE /* Dropit.app */ = {isa = PBXFileReference; explicitFileType = wrapper.application; includeInIndex = 0; path = Dropit.app; sourceTree = BUILT_PRODUCTS_DIR; };
		D7CA8BEC1C6AA32F0061ACBE /* AppDelegate.swift */ = {isa = PBXFileReference; lastKnownFileType = sourcecode.swift; path = AppDelegate.swift; sourceTree = "<group>"; };
		D7CA8BF11C6AA32F0061ACBE /* Base */ = {isa = PBXFileReference; lastKnownFileType = file.storyboard; name = Base; path = Base.lproj/Main.storyboard; sourceTree = "<group>"; };
		D7CA8BF31C6AA32F0061ACBE /* Assets.xcassets */ = {isa = PBXFileReference; lastKnownFileType = folder.assetcatalog; path = Assets.xcassets; sourceTree = "<group>"; };
		D7CA8BF61C6AA32F0061ACBE /* Base */ = {isa = PBXFileReference; lastKnownFileType = file.storyboard; name = Base; path = Base.lproj/LaunchScreen.storyboard; sourceTree = "<group>"; };
		D7CA8BF81C6AA32F0061ACBE /* Info.plist */ = {isa = PBXFileReference; lastKnownFileType = text.plist.xml; path = Info.plist; sourceTree = "<group>"; };
		D7CA8BFD1C6AA32F0061ACBE /* DropitTests.xctest */ = {isa = PBXFileReference; explicitFileType = wrapper.cfbundle; includeInIndex = 0; path = DropitTests.xctest; sourceTree = BUILT_PRODUCTS_DIR; };
		D7CA8C011C6AA32F0061ACBE /* DropitTests.swift */ = {isa = PBXFileReference; lastKnownFileType = sourcecode.swift; path = DropitTests.swift; sourceTree = "<group>"; };
		D7CA8C031C6AA32F0061ACBE /* Info.plist */ = {isa = PBXFileReference; lastKnownFileType = text.plist.xml; path = Info.plist; sourceTree = "<group>"; };
		D7CA8C081C6AA32F0061ACBE /* DropitUITests.xctest */ = {isa = PBXFileReference; explicitFileType = wrapper.cfbundle; includeInIndex = 0; path = DropitUITests.xctest; sourceTree = BUILT_PRODUCTS_DIR; };
		D7CA8C0C1C6AA32F0061ACBE /* DropitUITests.swift */ = {isa = PBXFileReference; lastKnownFileType = sourcecode.swift; path = DropitUITests.swift; sourceTree = "<group>"; };
		D7CA8C0E1C6AA32F0061ACBE /* Info.plist */ = {isa = PBXFileReference; lastKnownFileType = text.plist.xml; path = Info.plist; sourceTree = "<group>"; };
		D7CA8C1B1C6AA3BD0061ACBE /* DropitViewController.swift */ = {isa = PBXFileReference; fileEncoding = 4; lastKnownFileType = sourcecode.swift; path = DropitViewController.swift; sourceTree = SOURCE_ROOT; };
		D7D4F0051C6B8D2400ED9A12 /* DropitBehavior.swift */ = {isa = PBXFileReference; fileEncoding = 4; lastKnownFileType = sourcecode.swift; path = DropitBehavior.swift; sourceTree = "<group>"; };
/* End PBXFileReference section */

/* Begin PBXFrameworksBuildPhase section */
		D7CA8BE61C6AA32F0061ACBE /* Frameworks */ = {
			isa = PBXFrameworksBuildPhase;
			buildActionMask = 2147483647;
			files = (
			);
			runOnlyForDeploymentPostprocessing = 0;
		};
		D7CA8BFA1C6AA32F0061ACBE /* Frameworks */ = {
			isa = PBXFrameworksBuildPhase;
			buildActionMask = 2147483647;
			files = (
			);
			runOnlyForDeploymentPostprocessing = 0;
		};
		D7CA8C051C6AA32F0061ACBE /* Frameworks */ = {
			isa = PBXFrameworksBuildPhase;
			buildActionMask = 2147483647;
			files = (
			);
			runOnlyForDeploymentPostprocessing = 0;
		};
/* End PBXFrameworksBuildPhase section */

/* Begin PBXGroup section */
		D7CA8BE01C6AA32E0061ACBE = {
			isa = PBXGroup;
			children = (
				D7CA8BEB1C6AA32F0061ACBE /* Dropit */,
				D7CA8C001C6AA32F0061ACBE /* DropitTests */,
				D7CA8C0B1C6AA32F0061ACBE /* DropitUITests */,
				D7CA8BEA1C6AA32F0061ACBE /* Products */,
			);
			sourceTree = "<group>";
		};
		D7CA8BEA1C6AA32F0061ACBE /* Products */ = {
			isa = PBXGroup;
			children = (
				D7CA8BE91C6AA32F0061ACBE /* Dropit.app */,
				D7CA8BFD1C6AA32F0061ACBE /* DropitTests.xctest */,
				D7CA8C081C6AA32F0061ACBE /* DropitUITests.xctest */,
			);
			name = Products;
			sourceTree = "<group>";
		};
		D7CA8BEB1C6AA32F0061ACBE /* Dropit */ = {
			isa = PBXGroup;
			children = (
				D7CA8BF01C6AA32F0061ACBE /* Main.storyboard */,
				D7CA8C1B1C6AA3BD0061ACBE /* DropitViewController.swift */,
				D7D4F0051C6B8D2400ED9A12 /* DropitBehavior.swift */,
				D7CA8C1A1C6AA3360061ACBE /* Supporting Files */,
			);
			path = Dropit;
			sourceTree = "<group>";
		};
		D7CA8C001C6AA32F0061ACBE /* DropitTests */ = {
			isa = PBXGroup;
			children = (
				D7CA8C011C6AA32F0061ACBE /* DropitTests.swift */,
				D7CA8C031C6AA32F0061ACBE /* Info.plist */,
			);
			path = DropitTests;
			sourceTree = "<group>";
		};
		D7CA8C0B1C6AA32F0061ACBE /* DropitUITests */ = {
			isa = PBXGroup;
			children = (
				D7CA8C0C1C6AA32F0061ACBE /* DropitUITests.swift */,
				D7CA8C0E1C6AA32F0061ACBE /* Info.plist */,
			);
			path = DropitUITests;
			sourceTree = "<group>";
		};
		D7CA8C1A1C6AA3360061ACBE /* Supporting Files */ = {
			isa = PBXGroup;
			children = (
				D7CA8BF81C6AA32F0061ACBE /* Info.plist */,
				D7CA8BF31C6AA32F0061ACBE /* Assets.xcassets */,
				D7CA8BEC1C6AA32F0061ACBE /* AppDelegate.swift */,
				D7CA8BF51C6AA32F0061ACBE /* LaunchScreen.storyboard */,
			);
			name = "Supporting Files";
			sourceTree = "<group>";
		};
/* End PBXGroup section */

/* Begin PBXNativeTarget section */
		D7CA8BE81C6AA32F0061ACBE /* Dropit */ = {
			isa = PBXNativeTarget;
			buildConfigurationList = D7CA8C111C6AA32F0061ACBE /* Build configuration list for PBXNativeTarget "Dropit" */;
			buildPhases = (
				D7CA8BE51C6AA32F0061ACBE /* Sources */,
				D7CA8BE61C6AA32F0061ACBE /* Frameworks */,
				D7CA8BE71C6AA32F0061ACBE /* Resources */,
			);
			buildRules = (
			);
			dependencies = (
			);
			name = Dropit;
			productName = Dropit;
			productReference = D7CA8BE91C6AA32F0061ACBE /* Dropit.app */;
			productType = "com.apple.product-type.application";
		};
		D7CA8BFC1C6AA32F0061ACBE /* DropitTests */ = {
			isa = PBXNativeTarget;
			buildConfigurationList = D7CA8C141C6AA32F0061ACBE /* Build configuration list for PBXNativeTarget "DropitTests" */;
			buildPhases = (
				D7CA8BF91C6AA32F0061ACBE /* Sources */,
				D7CA8BFA1C6AA32F0061ACBE /* Frameworks */,
				D7CA8BFB1C6AA32F0061ACBE /* Resources */,
			);
			buildRules = (
			);
			dependencies = (
				D7CA8BFF1C6AA32F0061ACBE /* PBXTargetDependency */,
			);
			name = DropitTests;
			productName = DropitTests;
			productReference = D7CA8BFD1C6AA32F0061ACBE /* DropitTests.xctest */;
			productType = "com.apple.product-type.bundle.unit-test";
		};
		D7CA8C071C6AA32F0061ACBE /* DropitUITests */ = {
			isa = PBXNativeTarget;
			buildConfigurationList = D7CA8C171C6AA32F0061ACBE /* Build configuration list for PBXNativeTarget "DropitUITests" */;
			buildPhases = (
				D7CA8C041C6AA32F0061ACBE /* Sources */,
				D7CA8C051C6AA32F0061ACBE /* Frameworks */,
				D7CA8C061C6AA32F0061ACBE /* Resources */,
			);
			buildRules = (
			);
			dependencies = (
				D7CA8C0A1C6AA32F0061ACBE /* PBXTargetDependency */,
			);
			name = DropitUITests;
			productName = DropitUITests;
			productReference = D7CA8C081C6AA32F0061ACBE /* DropitUITests.xctest */;
			productType = "com.apple.product-type.bundle.ui-testing";
		};
/* End PBXNativeTarget section */

/* Begin PBXProject section */
		D7CA8BE11C6AA32E0061ACBE /* Project object */ = {
			isa = PBXProject;
			attributes = {
				LastSwiftUpdateCheck = 0720;
				LastUpgradeCheck = 0720;
				ORGANIZATIONNAME = "David Anglin";
				TargetAttributes = {
					D7CA8BE81C6AA32F0061ACBE = {
						CreatedOnToolsVersion = 7.2;
						DevelopmentTeam = EZVKD2Y4CX;
					};
					D7CA8BFC1C6AA32F0061ACBE = {
						CreatedOnToolsVersion = 7.2;
						DevelopmentTeam = EZVKD2Y4CX;
						TestTargetID = D7CA8BE81C6AA32F0061ACBE;
					};
					D7CA8C071C6AA32F0061ACBE = {
						CreatedOnToolsVersion = 7.2;
						DevelopmentTeam = EZVKD2Y4CX;
						TestTargetID = D7CA8BE81C6AA32F0061ACBE;
					};
				};
			};
			buildConfigurationList = D7CA8BE41C6AA32E0061ACBE /* Build configuration list for PBXProject "Dropit" */;
			compatibilityVersion = "Xcode 3.2";
			developmentRegion = English;
			hasScannedForEncodings = 0;
			knownRegions = (
				en,
				Base,
			);
			mainGroup = D7CA8BE01C6AA32E0061ACBE;
			productRefGroup = D7CA8BEA1C6AA32F0061ACBE /* Products */;
			projectDirPath = "";
			projectRoot = "";
			targets = (
				D7CA8BE81C6AA32F0061ACBE /* Dropit */,
				D7CA8BFC1C6AA32F0061ACBE /* DropitTests */,
				D7CA8C071C6AA32F0061ACBE /* DropitUITests */,
			);
		};
/* End PBXProject section */

/* Begin PBXResourcesBuildPhase section */
		D7CA8BE71C6AA32F0061ACBE /* Resources */ = {
			isa = PBXResourcesBuildPhase;
			buildActionMask = 2147483647;
			files = (
				D7CA8BF71C6AA32F0061ACBE /* LaunchScreen.storyboard in Resources */,
				D7CA8BF41C6AA32F0061ACBE /* Assets.xcassets in Resources */,
				D7CA8BF21C6AA32F0061ACBE /* Main.storyboard in Resources */,
			);
			runOnlyForDeploymentPostprocessing = 0;
		};
		D7CA8BFB1C6AA32F0061ACBE /* Resources */ = {
			isa = PBXResourcesBuildPhase;
			buildActionMask = 2147483647;
			files = (
			);
			runOnlyForDeploymentPostprocessing = 0;
		};
		D7CA8C061C6AA32F0061ACBE /* Resources */ = {
			isa = PBXResourcesBuildPhase;
			buildActionMask = 2147483647;
			files = (
			);
			runOnlyForDeploymentPostprocessing = 0;
		};
/* End PBXResourcesBuildPhase section */

/* Begin PBXSourcesBuildPhase section */
		D7CA8BE51C6AA32F0061ACBE /* Sources */ = {
			isa = PBXSourcesBuildPhase;
			buildActionMask = 2147483647;
			files = (
				D7CA8C1C1C6AA3BD0061ACBE /* DropitViewController.swift in Sources */,
				D7CA8BED1C6AA32F0061ACBE /* AppDelegate.swift in Sources */,
				D7D4F0061C6B8D2400ED9A12 /* DropitBehavior.swift in Sources */,
			);
			runOnlyForDeploymentPostprocessing = 0;
		};
		D7CA8BF91C6AA32F0061ACBE /* Sources */ = {
			isa = PBXSourcesBuildPhase;
			buildActionMask = 2147483647;
			files = (
				D7CA8C021C6AA32F0061ACBE /* DropitTests.swift in Sources */,
			);
			runOnlyForDeploymentPostprocessing = 0;
		};
		D7CA8C041C6AA32F0061ACBE /* Sources */ = {
			isa = PBXSourcesBuildPhase;
			buildActionMask = 2147483647;
			files = (
				D7CA8C0D1C6AA32F0061ACBE /* DropitUITests.swift in Sources */,
			);
			runOnlyForDeploymentPostprocessing = 0;
		};
/* End PBXSourcesBuildPhase section */

/* Begin PBXTargetDependency section */
		D7CA8BFF1C6AA32F0061ACBE /* PBXTargetDependency */ = {
			isa = PBXTargetDependency;
			target = D7CA8BE81C6AA32F0061ACBE /* Dropit */;
			targetProxy = D7CA8BFE1C6AA32F0061ACBE /* PBXContainerItemProxy */;
		};
		D7CA8C0A1C6AA32F0061ACBE /* PBXTargetDependency */ = {
			isa = PBXTargetDependency;
			target = D7CA8BE81C6AA32F0061ACBE /* Dropit */;
			targetProxy = D7CA8C091C6AA32F0061ACBE /* PBXContainerItemProxy */;
		};
/* End PBXTargetDependency section */

/* Begin PBXVariantGroup section */
		D7CA8BF01C6AA32F0061ACBE /* Main.storyboard */ = {
			isa = PBXVariantGroup;
			children = (
				D7CA8BF11C6AA32F0061ACBE /* Base */,
			);
			name = Main.storyboard;
			sourceTree = "<group>";
		};
		D7CA8BF51C6AA32F0061ACBE /* LaunchScreen.storyboard */ = {
			isa = PBXVariantGroup;
			children = (
				D7CA8BF61C6AA32F0061ACBE /* Base */,
			);
			name = LaunchScreen.storyboard;
			sourceTree = "<group>";
		};
/* End PBXVariantGroup section */

/* Begin XCBuildConfiguration section */
		D7CA8C0F1C6AA32F0061ACBE /* Debug */ = {
			isa = XCBuildConfiguration;
			buildSettings = {
				ALWAYS_SEARCH_USER_PATHS = NO;
				CLANG_CXX_LANGUAGE_STANDARD = "gnu++0x";
				CLANG_CXX_LIBRARY = "libc++";
				CLANG_ENABLE_MODULES = YES;
				CLANG_ENABLE_OBJC_ARC = YES;
				CLANG_WARN_BOOL_CONVERSION = YES;
				CLANG_WARN_CONSTANT_CONVERSION = YES;
				CLANG_WARN_DIRECT_OBJC_ISA_USAGE = YES_ERROR;
				CLANG_WARN_EMPTY_BODY = YES;
				CLANG_WARN_ENUM_CONVERSION = YES;
				CLANG_WARN_INT_CONVERSION = YES;
				CLANG_WARN_OBJC_ROOT_CLASS = YES_ERROR;
				CLANG_WARN_UNREACHABLE_CODE = YES;
				CLANG_WARN__DUPLICATE_METHOD_MATCH = YES;
				"CODE_SIGN_IDENTITY[sdk=iphoneos*]" = "iPhone Developer";
				COPY_PHASE_STRIP = NO;
				DEBUG_INFORMATION_FORMAT = dwarf;
				ENABLE_STRICT_OBJC_MSGSEND = YES;
				ENABLE_TESTABILITY = YES;
				GCC_C_LANGUAGE_STANDARD = gnu99;
				GCC_DYNAMIC_NO_PIC = NO;
				GCC_NO_COMMON_BLOCKS = YES;
				GCC_OPTIMIZATION_LEVEL = 0;
				GCC_PREPROCESSOR_DEFINITIONS = (
					"DEBUG=1",
					"$(inherited)",
				);
				GCC_WARN_64_TO_32_BIT_CONVERSION = YES;
				GCC_WARN_ABOUT_RETURN_TYPE = YES_ERROR;
				GCC_WARN_UNDECLARED_SELECTOR = YES;
				GCC_WARN_UNINITIALIZED_AUTOS = YES_AGGRESSIVE;
				GCC_WARN_UNUSED_FUNCTION = YES;
				GCC_WARN_UNUSED_VARIABLE = YES;
				IPHONEOS_DEPLOYMENT_TARGET = 9.2;
				MTL_ENABLE_DEBUG_INFO = YES;
				ONLY_ACTIVE_ARCH = YES;
				SDKROOT = iphoneos;
				SWIFT_OPTIMIZATION_LEVEL = "-Onone";
				TARGETED_DEVICE_FAMILY = "1,2";
			};
			name = Debug;
		};
		D7CA8C101C6AA32F0061ACBE /* Release */ = {
			isa = XCBuildConfiguration;
			buildSettings = {
				ALWAYS_SEARCH_USER_PATHS = NO;
				CLANG_CXX_LANGUAGE_STANDARD = "gnu++0x";
				CLANG_CXX_LIBRARY = "libc++";
				CLANG_ENABLE_MODULES = YES;
				CLANG_ENABLE_OBJC_ARC = YES;
				CLANG_WARN_BOOL_CONVERSION = YES;
				CLANG_WARN_CONSTANT_CONVERSION = YES;
				CLANG_WARN_DIRECT_OBJC_ISA_USAGE = YES_ERROR;
				CLANG_WARN_EMPTY_BODY = YES;
				CLANG_WARN_ENUM_CONVERSION = YES;
				CLANG_WARN_INT_CONVERSION = YES;
				CLANG_WARN_OBJC_ROOT_CLASS = YES_ERROR;
				CLANG_WARN_UNREACHABLE_CODE = YES;
				CLANG_WARN__DUPLICATE_METHOD_MATCH = YES;
				"CODE_SIGN_IDENTITY[sdk=iphoneos*]" = "iPhone Developer";
				COPY_PHASE_STRIP = NO;
				DEBUG_INFORMATION_FORMAT = "dwarf-with-dsym";
				ENABLE_NS_ASSERTIONS = NO;
				ENABLE_STRICT_OBJC_MSGSEND = YES;
				GCC_C_LANGUAGE_STANDARD = gnu99;
				GCC_NO_COMMON_BLOCKS = YES;
				GCC_WARN_64_TO_32_BIT_CONVERSION = YES;
				GCC_WARN_ABOUT_RETURN_TYPE = YES_ERROR;
				GCC_WARN_UNDECLARED_SELECTOR = YES;
				GCC_WARN_UNINITIALIZED_AUTOS = YES_AGGRESSIVE;
				GCC_WARN_UNUSED_FUNCTION = YES;
				GCC_WARN_UNUSED_VARIABLE = YES;
				IPHONEOS_DEPLOYMENT_TARGET = 9.2;
				MTL_ENABLE_DEBUG_INFO = NO;
				SDKROOT = iphoneos;
				TARGETED_DEVICE_FAMILY = "1,2";
				VALIDATE_PRODUCT = YES;
			};
			name = Release;
		};
		D7CA8C121C6AA32F0061ACBE /* Debug */ = {
			isa = XCBuildConfiguration;
			buildSettings = {
				ASSETCATALOG_COMPILER_APPICON_NAME = AppIcon;
				INFOPLIST_FILE = Dropit/Info.plist;
				LD_RUNPATH_SEARCH_PATHS = "$(inherited) @executable_path/Frameworks";
				PRODUCT_BUNDLE_IDENTIFIER = com.DavidAnglin.Dropit;
				PRODUCT_NAME = "$(TARGET_NAME)";
			};
			name = Debug;
		};
		D7CA8C131C6AA32F0061ACBE /* Release */ = {
			isa = XCBuildConfiguration;
			buildSettings = {
				ASSETCATALOG_COMPILER_APPICON_NAME = AppIcon;
				INFOPLIST_FILE = Dropit/Info.plist;
				LD_RUNPATH_SEARCH_PATHS = "$(inherited) @executable_path/Frameworks";
				PRODUCT_BUNDLE_IDENTIFIER = com.DavidAnglin.Dropit;
				PRODUCT_NAME = "$(TARGET_NAME)";
			};
			name = Release;
		};
		D7CA8C151C6AA32F0061ACBE /* Debug */ = {
			isa = XCBuildConfiguration;
			buildSettings = {
				BUNDLE_LOADER = "$(TEST_HOST)";
				INFOPLIST_FILE = DropitTests/Info.plist;
				LD_RUNPATH_SEARCH_PATHS = "$(inherited) @executable_path/Frameworks @loader_path/Frameworks";
				PRODUCT_BUNDLE_IDENTIFIER = com.DavidAnglin.DropitTests;
				PRODUCT_NAME = "$(TARGET_NAME)";
				TEST_HOST = "$(BUILT_PRODUCTS_DIR)/Dropit.app/Dropit";
			};
			name = Debug;
		};
		D7CA8C161C6AA32F0061ACBE /* Release */ = {
			isa = XCBuildConfiguration;
			buildSettings = {
				BUNDLE_LOADER = "$(TEST_HOST)";
				INFOPLIST_FILE = DropitTests/Info.plist;
				LD_RUNPATH_SEARCH_PATHS = "$(inherited) @executable_path/Frameworks @loader_path/Frameworks";
				PRODUCT_BUNDLE_IDENTIFIER = com.DavidAnglin.DropitTests;
				PRODUCT_NAME = "$(TARGET_NAME)";
				TEST_HOST = "$(BUILT_PRODUCTS_DIR)/Dropit.app/Dropit";
			};
			name = Release;
		};
		D7CA8C181C6AA32F0061ACBE /* Debug */ = {
			isa = XCBuildConfiguration;
			buildSettings = {
				INFOPLIST_FILE = DropitUITests/Info.plist;
				LD_RUNPATH_SEARCH_PATHS = "$(inherited) @executable_path/Frameworks @loader_path/Frameworks";
				PRODUCT_BUNDLE_IDENTIFIER = com.DavidAnglin.DropitUITests;
				PRODUCT_NAME = "$(TARGET_NAME)";
				TEST_TARGET_NAME = Dropit;
				USES_XCTRUNNER = YES;
			};
			name = Debug;
		};
		D7CA8C191C6AA32F0061ACBE /* Release */ = {
			isa = XCBuildConfiguration;
			buildSettings = {
				INFOPLIST_FILE = DropitUITests/Info.plist;
				LD_RUNPATH_SEARCH_PATHS = "$(inherited) @executable_path/Frameworks @loader_path/Frameworks";
				PRODUCT_BUNDLE_IDENTIFIER = com.DavidAnglin.DropitUITests;
				PRODUCT_NAME = "$(TARGET_NAME)";
				TEST_TARGET_NAME = Dropit;
				USES_XCTRUNNER = YES;
			};
			name = Release;
		};
/* End XCBuildConfiguration section */

/* Begin XCConfigurationList section */
		D7CA8BE41C6AA32E0061ACBE /* Build configuration list for PBXProject "Dropit" */ = {
			isa = XCConfigurationList;
			buildConfigurations = (
				D7CA8C0F1C6AA32F0061ACBE /* Debug */,
				D7CA8C101C6AA32F0061ACBE /* Release */,
			);
			defaultConfigurationIsVisible = 0;
			defaultConfigurationName = Release;
		};
		D7CA8C111C6AA32F0061ACBE /* Build configuration list for PBXNativeTarget "Dropit" */ = {
			isa = XCConfigurationList;
			buildConfigurations = (
				D7CA8C121C6AA32F0061ACBE /* Debug */,
				D7CA8C131C6AA32F0061ACBE /* Release */,
			);
			defaultConfigurationIsVisible = 0;
			defaultConfigurationName = Release;
		};
		D7CA8C141C6AA32F0061ACBE /* Build configuration list for PBXNativeTarget "DropitTests" */ = {
			isa = XCConfigurationList;
			buildConfigurations = (
				D7CA8C151C6AA32F0061ACBE /* Debug */,
				D7CA8C161C6AA32F0061ACBE /* Release */,
			);
			defaultConfigurationIsVisible = 0;
			defaultConfigurationName = Release;
		};
		D7CA8C171C6AA32F0061ACBE /* Build configuration list for PBXNativeTarget "DropitUITests" */ = {
			isa = XCConfigurationList;
			buildConfigurations = (
				D7CA8C181C6AA32F0061ACBE /* Debug */,
				D7CA8C191C6AA32F0061ACBE /* Release */,
			);
			defaultConfigurationIsVisible = 0;
			defaultConfigurationName = Release;
		};
/* End XCConfigurationList section */
	};
	rootObject = D7CA8BE11C6AA32E0061ACBE /* Project object */;
}
